
Microsoft Visual Studio Solution File, Format Version 12.00
# Visual Studio Version 16
VisualStudioVersion = 16.0.31702.278
MinimumVisualStudioVersion = 10.0.40219.1
Project("{FAE04EC0-301F-11D3-BF4B-00C04F79EFBC}") = "Project_2_IT114L", "Project_2_IT114L.csproj", "{D8560516-69D0-41C2-A19D-840EA4E6A301}"
EndProject
Global
	GlobalSection(SolutionConfigurationPlatforms) = preSolution
		Debug|Any CPU = Debug|Any CPU
		Release|Any CPU = Release|Any CPU
	EndGlobalSection
	GlobalSection(ProjectConfigurationPlatforms) = postSolution
		{D8560516-69D0-41C2-A19D-840EA4E6A301}.Debug|Any CPU.ActiveCfg = Debug|Any CPU
		{D8560516-69D0-41C2-A19D-840EA4E6A301}.Debug|Any CPU.Build.0 = Debug|Any CPU
		{D8560516-69D0-41C2-A19D-840EA4E6A301}.Release|Any CPU.ActiveCfg = Release|Any CPU
		{D8560516-69D0-41C2-A19D-840EA4E6A301}.Release|Any CPU.Build.0 = Release|Any CPU
	EndGlobalSection
	GlobalSection(SolutionProperties) = preSolution
		HideSolutionNode = FALSE
	EndGlobalSection
	GlobalSection(ExtensibilityGlobals) = postSolution
		SolutionGuid = {58AFC827-6383-4C09-9B8C-0A7D09CDD65E}
	EndGlobalSection
EndGlobal
